// !$*UTF8*$!
{
	archiveVersion = 1;
	classes = {
	};
	objectVersion = 55;
	objects = {

/* Begin PBXBuildFile section */
		FD016DE1278D20E20082495A /* AppDelegate.swift in Sources */ = {isa = PBXBuildFile; fileRef = FD016DE0278D20E20082495A /* AppDelegate.swift */; };
		FD016DE3278D20E20082495A /* SceneDelegate.swift in Sources */ = {isa = PBXBuildFile; fileRef = FD016DE2278D20E20082495A /* SceneDelegate.swift */; };
		FD016DE5278D20E20082495A /* ViewController.swift in Sources */ = {isa = PBXBuildFile; fileRef = FD016DE4278D20E20082495A /* ViewController.swift */; };
		FD016DE8278D20E20082495A /* Main.storyboard in Resources */ = {isa = PBXBuildFile; fileRef = FD016DE6278D20E20082495A /* Main.storyboard */; };
		FD016DEA278D20E40082495A /* Assets.xcassets in Resources */ = {isa = PBXBuildFile; fileRef = FD016DE9278D20E40082495A /* Assets.xcassets */; };
		FD016DED278D20E40082495A /* LaunchScreen.storyboard in Resources */ = {isa = PBXBuildFile; fileRef = FD016DEB278D20E40082495A /* LaunchScreen.storyboard */; };
		FD016DF8278D20E40082495A /* Tip_CalculatorTests.swift in Sources */ = {isa = PBXBuildFile; fileRef = FD016DF7278D20E40082495A /* Tip_CalculatorTests.swift */; };
		FD016E02278D20E40082495A /* Tip_CalculatorUITests.swift in Sources */ = {isa = PBXBuildFile; fileRef = FD016E01278D20E40082495A /* Tip_CalculatorUITests.swift */; };
		FD016E04278D20E40082495A /* Tip_CalculatorUITestsLaunchTests.swift in Sources */ = {isa = PBXBuildFile; fileRef = FD016E03278D20E40082495A /* Tip_CalculatorUITestsLaunchTests.swift */; };
/* End PBXBuildFile section */

/* Begin PBXContainerItemProxy section */
		FD016DF4278D20E40082495A /* PBXContainerItemProxy */ = {
			isa = PBXContainerItemProxy;
			containerPortal = FD016DD5278D20E20082495A /* Project object */;
			proxyType = 1;
			remoteGlobalIDString = FD016DDC278D20E20082495A;
			remoteInfo = Tip_Calculator;
		};
		FD016DFE278D20E40082495A /* PBXContainerItemProxy */ = {
			isa = PBXContainerItemProxy;
			containerPortal = FD016DD5278D20E20082495A /* Project object */;
			proxyType = 1;
			remoteGlobalIDString = FD016DDC278D20E20082495A;
			remoteInfo = Tip_Calculator;
		};
/* End PBXContainerItemProxy section */

/* Begin PBXFileReference section */
		FD016DDD278D20E20082495A /* Tip_Calculator.app */ = {isa = PBXFileReference; explicitFileType = wrapper.application; includeInIndex = 0; path = Tip_Calculator.app; sourceTree = BUILT_PRODUCTS_DIR; };
		FD016DE0278D20E20082495A /* AppDelegate.swift */ = {isa = PBXFileReference; lastKnownFileType = sourcecode.swift; path = AppDelegate.swift; sourceTree = "<group>"; };
		FD016DE2278D20E20082495A /* SceneDelegate.swift */ = {isa = PBXFileReference; lastKnownFileType = sourcecode.swift; path = SceneDelegate.swift; sourceTree = "<group>"; };
		FD016DE4278D20E20082495A /* ViewController.swift */ = {isa = PBXFileReference; lastKnownFileType = sourcecode.swift; path = ViewController.swift; sourceTree = "<group>"; };
		FD016DE7278D20E20082495A /* Base */ = {isa = PBXFileReference; lastKnownFileType = file.storyboard; name = Base; path = Base.lproj/Main.storyboard; sourceTree = "<group>"; };
		FD016DE9278D20E40082495A /* Assets.xcassets */ = {isa = PBXFileReference; lastKnownFileType = folder.assetcatalog; path = Assets.xcassets; sourceTree = "<group>"; };
		FD016DEC278D20E40082495A /* Base */ = {isa = PBXFileReference; lastKnownFileType = file.storyboard; name = Base; path = Base.lproj/LaunchScreen.storyboard; sourceTree = "<group>"; };
		FD016DEE278D20E40082495A /* Info.plist */ = {isa = PBXFileReference; lastKnownFileType = text.plist.xml; path = Info.plist; sourceTree = "<group>"; };
		FD016DF3278D20E40082495A /* Tip_CalculatorTests.xctest */ = {isa = PBXFileReference; explicitFileType = wrapper.cfbundle; includeInIndex = 0; path = Tip_CalculatorTests.xctest; sourceTree = BUILT_PRODUCTS_DIR; };
		FD016DF7278D20E40082495A /* Tip_CalculatorTests.swift */ = {isa = PBXFileReference; lastKnownFileType = sourcecode.swift; path = Tip_CalculatorTests.swift; sourceTree = "<group>"; };
		FD016DFD278D20E40082495A /* Tip_CalculatorUITests.xctest */ = {isa = PBXFileReference; explicitFileType = wrapper.cfbundle; includeInIndex = 0; path = Tip_CalculatorUITests.xctest; sourceTree = BUILT_PRODUCTS_DIR; };
		FD016E01278D20E40082495A /* Tip_CalculatorUITests.swift */ = {isa = PBXFileReference; lastKnownFileType = sourcecode.swift; path = Tip_CalculatorUITests.swift; sourceTree = "<group>"; };
		FD016E03278D20E40082495A /* Tip_CalculatorUITestsLaunchTests.swift */ = {isa = PBXFileReference; lastKnownFileType = sourcecode.swift; path = Tip_CalculatorUITestsLaunchTests.swift; sourceTree = "<group>"; };
/* End PBXFileReference section */

/* Begin PBXFrameworksBuildPhase section */
		FD016DDA278D20E20082495A /* Frameworks */ = {
			isa = PBXFrameworksBuildPhase;
			buildActionMask = 2147483647;
			files = (
			);
			runOnlyForDeploymentPostprocessing = 0;
		};
		FD016DF0278D20E40082495A /* Frameworks */ = {
			isa = PBXFrameworksBuildPhase;
			buildActionMask = 2147483647;
			files = (
			);
			runOnlyForDeploymentPostprocessing = 0;
		};
		FD016DFA278D20E40082495A /* Frameworks */ = {
			isa = PBXFrameworksBuildPhase;
			buildActionMask = 2147483647;
			files = (
			);
			runOnlyForDeploymentPostprocessing = 0;
		};
/* End PBXFrameworksBuildPhase section */

/* Begin PBXGroup section */
		FD016DD4278D20E20082495A = {
			isa = PBXGroup;
			children = (
				FD016DDF278D20E20082495A /* Tip_Calculator */,
				FD016DF6278D20E40082495A /* Tip_CalculatorTests */,
				FD016E00278D20E40082495A /* Tip_CalculatorUITests */,
				FD016DDE278D20E20082495A /* Products */,
			);
			sourceTree = "<group>";
		};
		FD016DDE278D20E20082495A /* Products */ = {
			isa = PBXGroup;
			children = (
				FD016DDD278D20E20082495A /* Tip_Calculator.app */,
				FD016DF3278D20E40082495A /* Tip_CalculatorTests.xctest */,
				FD016DFD278D20E40082495A /* Tip_CalculatorUITests.xctest */,
			);
			name = Products;
			sourceTree = "<group>";
		};
		FD016DDF278D20E20082495A /* Tip_Calculator */ = {
			isa = PBXGroup;
			children = (
				FD016DE0278D20E20082495A /* AppDelegate.swift */,
				FD016DE2278D20E20082495A /* SceneDelegate.swift */,
				FD016DE4278D20E20082495A /* ViewController.swift */,
				FD016DE6278D20E20082495A /* Main.storyboard */,
				FD016DE9278D20E40082495A /* Assets.xcassets */,
				FD016DEB278D20E40082495A /* LaunchScreen.storyboard */,
				FD016DEE278D20E40082495A /* Info.plist */,
			);
			path = Tip_Calculator;
			sourceTree = "<group>";
		};
		FD016DF6278D20E40082495A /* Tip_CalculatorTests */ = {
			isa = PBXGroup;
			children = (
				FD016DF7278D20E40082495A /* Tip_CalculatorTests.swift */,
			);
			path = Tip_CalculatorTests;
			sourceTree = "<group>";
		};
		FD016E00278D20E40082495A /* Tip_CalculatorUITests */ = {
			isa = PBXGroup;
			children = (
				FD016E01278D20E40082495A /* Tip_CalculatorUITests.swift */,
				FD016E03278D20E40082495A /* Tip_CalculatorUITestsLaunchTests.swift */,
			);
			path = Tip_CalculatorUITests;
			sourceTree = "<group>";
		};
/* End PBXGroup section */

/* Begin PBXNativeTarget section */
		FD016DDC278D20E20082495A /* Tip_Calculator */ = {
			isa = PBXNativeTarget;
			buildConfigurationList = FD016E07278D20E40082495A /* Build configuration list for PBXNativeTarget "Tip_Calculator" */;
			buildPhases = (
				FD016DD9278D20E20082495A /* Sources */,
				FD016DDA278D20E20082495A /* Frameworks */,
				FD016DDB278D20E20082495A /* Resources */,
			);
			buildRules = (
			);
			dependencies = (
			);
			name = Tip_Calculator;
			productName = Tip_Calculator;
			productReference = FD016DDD278D20E20082495A /* Tip_Calculator.app */;
			productType = "com.apple.product-type.application";
		};
		FD016DF2278D20E40082495A /* Tip_CalculatorTests */ = {
			isa = PBXNativeTarget;
			buildConfigurationList = FD016E0A278D20E40082495A /* Build configuration list for PBXNativeTarget "Tip_CalculatorTests" */;
			buildPhases = (
				FD016DEF278D20E40082495A /* Sources */,
				FD016DF0278D20E40082495A /* Frameworks */,
				FD016DF1278D20E40082495A /* Resources */,
			);
			buildRules = (
			);
			dependencies = (
				FD016DF5278D20E40082495A /* PBXTargetDependency */,
			);
			name = Tip_CalculatorTests;
			productName = Tip_CalculatorTests;
			productReference = FD016DF3278D20E40082495A /* Tip_CalculatorTests.xctest */;
			productType = "com.apple.product-type.bundle.unit-test";
		};
		FD016DFC278D20E40082495A /* Tip_CalculatorUITests */ = {
			isa = PBXNativeTarget;
			buildConfigurationList = FD016E0D278D20E40082495A /* Build configuration list for PBXNativeTarget "Tip_CalculatorUITests" */;
			buildPhases = (
				FD016DF9278D20E40082495A /* Sources */,
				FD016DFA278D20E40082495A /* Frameworks */,
				FD016DFB278D20E40082495A /* Resources */,
			);
			buildRules = (
			);
			dependencies = (
				FD016DFF278D20E40082495A /* PBXTargetDependency */,
			);
			name = Tip_CalculatorUITests;
			productName = Tip_CalculatorUITests;
			productReference = FD016DFD278D20E40082495A /* Tip_CalculatorUITests.xctest */;
			productType = "com.apple.product-type.bundle.ui-testing";
		};
/* End PBXNativeTarget section */

/* Begin PBXProject section */
		FD016DD5278D20E20082495A /* Project object */ = {
			isa = PBXProject;
			attributes = {
				BuildIndependentTargetsInParallel = 1;
				LastSwiftUpdateCheck = 1320;
				LastUpgradeCheck = 1320;
				TargetAttributes = {
					FD016DDC278D20E20082495A = {
						CreatedOnToolsVersion = 13.2.1;
					};
					FD016DF2278D20E40082495A = {
						CreatedOnToolsVersion = 13.2.1;
						TestTargetID = FD016DDC278D20E20082495A;
					};
					FD016DFC278D20E40082495A = {
						CreatedOnToolsVersion = 13.2.1;
						TestTargetID = FD016DDC278D20E20082495A;
					};
				};
			};
			buildConfigurationList = FD016DD8278D20E20082495A /* Build configuration list for PBXProject "Tip_Calculator" */;
			compatibilityVersion = "Xcode 13.0";
			developmentRegion = en;
			hasScannedForEncodings = 0;
			knownRegions = (
				en,
				Base,
			);
			mainGroup = FD016DD4278D20E20082495A;
			productRefGroup = FD016DDE278D20E20082495A /* Products */;
			projectDirPath = "";
			projectRoot = "";
			targets = (
				FD016DDC278D20E20082495A /* Tip_Calculator */,
				FD016DF2278D20E40082495A /* Tip_CalculatorTests */,
				FD016DFC278D20E40082495A /* Tip_CalculatorUITests */,
			);
		};
/* End PBXProject section */

/* Begin PBXResourcesBuildPhase section */
		FD016DDB278D20E20082495A /* Resources */ = {
			isa = PBXResourcesBuildPhase;
			buildActionMask = 2147483647;
			files = (
				FD016DED278D20E40082495A /* LaunchScreen.storyboard in Resources */,
				FD016DEA278D20E40082495A /* Assets.xcassets in Resources */,
				FD016DE8278D20E20082495A /* Main.storyboard in Resources */,
			);
			runOnlyForDeploymentPostprocessing = 0;
		};
		FD016DF1278D20E40082495A /* Resources */ = {
			isa = PBXResourcesBuildPhase;
			buildActionMask = 2147483647;
			files = (
			);
			runOnlyForDeploymentPostprocessing = 0;
		};
		FD016DFB278D20E40082495A /* Resources */ = {
			isa = PBXResourcesBuildPhase;
			buildActionMask = 2147483647;
			files = (
			);
			runOnlyForDeploymentPostprocessing = 0;
		};
/* End PBXResourcesBuildPhase section */

/* Begin PBXSourcesBuildPhase section */
		FD016DD9278D20E20082495A /* Sources */ = {
			isa = PBXSourcesBuildPhase;
			buildActionMask = 2147483647;
			files = (
				FD016DE5278D20E20082495A /* ViewController.swift in Sources */,
				FD016DE1278D20E20082495A /* AppDelegate.swift in Sources */,
				FD016DE3278D20E20082495A /* SceneDelegate.swift in Sources */,
			);
			runOnlyForDeploymentPostprocessing = 0;
		};
		FD016DEF278D20E40082495A /* Sources */ = {
			isa = PBXSourcesBuildPhase;
			buildActionMask = 2147483647;
			files = (
				FD016DF8278D20E40082495A /* Tip_CalculatorTests.swift in Sources */,
			);
			runOnlyForDeploymentPostprocessing = 0;
		};
		FD016DF9278D20E40082495A /* Sources */ = {
			isa = PBXSourcesBuildPhase;
			buildActionMask = 2147483647;
			files = (
				FD016E04278D20E40082495A /* Tip_CalculatorUITestsLaunchTests.swift in Sources */,
				FD016E02278D20E40082495A /* Tip_CalculatorUITests.swift in Sources */,
			);
			runOnlyForDeploymentPostprocessing = 0;
		};
/* End PBXSourcesBuildPhase section */

/* Begin PBXTargetDependency section */
		FD016DF5278D20E40082495A /* PBXTargetDependency */ = {
			isa = PBXTargetDependency;
			target = FD016DDC278D20E20082495A /* Tip_Calculator */;
			targetProxy = FD016DF4278D20E40082495A /* PBXContainerItemProxy */;
		};
		FD016DFF278D20E40082495A /* PBXTargetDependency */ = {
			isa = PBXTargetDependency;
			target = FD016DDC278D20E20082495A /* Tip_Calculator */;
			targetProxy = FD016DFE278D20E40082495A /* PBXContainerItemProxy */;
		};
/* End PBXTargetDependency section */

/* Begin PBXVariantGroup section */
		FD016DE6278D20E20082495A /* Main.storyboard */ = {
			isa = PBXVariantGroup;
			children = (
				FD016DE7278D20E20082495A /* Base */,
			);
			name = Main.storyboard;
			sourceTree = "<group>";
		};
		FD016DEB278D20E40082495A /* LaunchScreen.storyboard */ = {
			isa = PBXVariantGroup;
			children = (
				FD016DEC278D20E40082495A /* Base */,
			);
			name = LaunchScreen.storyboard;
			sourceTree = "<group>";
		};
/* End PBXVariantGroup section */

/* Begin XCBuildConfiguration section */
		FD016E05278D20E40082495A /* Debug */ = {
			isa = XCBuildConfiguration;
			buildSettings = {
				ALWAYS_SEARCH_USER_PATHS = NO;
				CLANG_ANALYZER_NONNULL = YES;
				CLANG_ANALYZER_NUMBER_OBJECT_CONVERSION = YES_AGGRESSIVE;
				CLANG_CXX_LANGUAGE_STANDARD = "gnu++17";
				CLANG_CXX_LIBRARY = "libc++";
				CLANG_ENABLE_MODULES = YES;
				CLANG_ENABLE_OBJC_ARC = YES;
				CLANG_ENABLE_OBJC_WEAK = YES;
				CLANG_WARN_BLOCK_CAPTURE_AUTORELEASING = YES;
				CLANG_WARN_BOOL_CONVERSION = YES;
				CLANG_WARN_COMMA = YES;
				CLANG_WARN_CONSTANT_CONVERSION = YES;
				CLANG_WARN_DEPRECATED_OBJC_IMPLEMENTATIONS = YES;
				CLANG_WARN_DIRECT_OBJC_ISA_USAGE = YES_ERROR;
				CLANG_WARN_DOCUMENTATION_COMMENTS = YES;
				CLANG_WARN_EMPTY_BODY = YES;
				CLANG_WARN_ENUM_CONVERSION = YES;
				CLANG_WARN_INFINITE_RECURSION = YES;
				CLANG_WARN_INT_CONVERSION = YES;
				CLANG_WARN_NON_LITERAL_NULL_CONVERSION = YES;
				CLANG_WARN_OBJC_IMPLICIT_RETAIN_SELF = YES;
				CLANG_WARN_OBJC_LITERAL_CONVERSION = YES;
				CLANG_WARN_OBJC_ROOT_CLASS = YES_ERROR;
				CLANG_WARN_QUOTED_INCLUDE_IN_FRAMEWORK_HEADER = YES;
				CLANG_WARN_RANGE_LOOP_ANALYSIS = YES;
				CLANG_WARN_STRICT_PROTOTYPES = YES;
				CLANG_WARN_SUSPICIOUS_MOVE = YES;
				CLANG_WARN_UNGUARDED_AVAILABILITY = YES_AGGRESSIVE;
				CLANG_WARN_UNREACHABLE_CODE = YES;
				CLANG_WARN__DUPLICATE_METHOD_MATCH = YES;
				COPY_PHASE_STRIP = NO;
				DEBUG_INFORMATION_FORMAT = dwarf;
				ENABLE_STRICT_OBJC_MSGSEND = YES;
				ENABLE_TESTABILITY = YES;
				GCC_C_LANGUAGE_STANDARD = gnu11;
				GCC_DYNAMIC_NO_PIC = NO;
				GCC_NO_COMMON_BLOCKS = YES;
				GCC_OPTIMIZATION_LEVEL = 0;
				GCC_PREPROCESSOR_DEFINITIONS = (
					"DEBUG=1",
					"$(inherited)",
				);
				GCC_WARN_64_TO_32_BIT_CONVERSION = YES;
				GCC_WARN_ABOUT_RETURN_TYPE = YES_ERROR;
				GCC_WARN_UNDECLARED_SELECTOR = YES;
				GCC_WARN_UNINITIALIZED_AUTOS = YES_AGGRESSIVE;
				GCC_WARN_UNUSED_FUNCTION = YES;
				GCC_WARN_UNUSED_VARIABLE = YES;
				IPHONEOS_DEPLOYMENT_TARGET = 15.2;
				MTL_ENABLE_DEBUG_INFO = INCLUDE_SOURCE;
				MTL_FAST_MATH = YES;
				ONLY_ACTIVE_ARCH = YES;
				SDKROOT = iphoneos;
				SWIFT_ACTIVE_COMPILATION_CONDITIONS = DEBUG;
				SWIFT_OPTIMIZATION_LEVEL = "-Onone";
			};
			name = Debug;
		};
		FD016E06278D20E40082495A /* Release */ = {
			isa = XCBuildConfiguration;
			buildSettings = {
				ALWAYS_SEARCH_USER_PATHS = NO;
				CLANG_ANALYZER_NONNULL = YES;
				CLANG_ANALYZER_NUMBER_OBJECT_CONVERSION = YES_AGGRESSIVE;
				CLANG_CXX_LANGUAGE_STANDARD = "gnu++17";
				CLANG_CXX_LIBRARY = "libc++";
				CLANG_ENABLE_MODULES = YES;
				CLANG_ENABLE_OBJC_ARC = YES;
				CLANG_ENABLE_OBJC_WEAK = YES;
				CLANG_WARN_BLOCK_CAPTURE_AUTORELEASING = YES;
				CLANG_WARN_BOOL_CONVERSION = YES;
				CLANG_WARN_COMMA = YES;
				CLANG_WARN_CONSTANT_CONVERSION = YES;
				CLANG_WARN_DEPRECATED_OBJC_IMPLEMENTATIONS = YES;
				CLANG_WARN_DIRECT_OBJC_ISA_USAGE = YES_ERROR;
				CLANG_WARN_DOCUMENTATION_COMMENTS = YES;
				CLANG_WARN_EMPTY_BODY = YES;
				CLANG_WARN_ENUM_CONVERSION = YES;
				CLANG_WARN_INFINITE_RECURSION = YES;
				CLANG_WARN_INT_CONVERSION = YES;
				CLANG_WARN_NON_LITERAL_NULL_CONVERSION = YES;
				CLANG_WARN_OBJC_IMPLICIT_RETAIN_SELF = YES;
				CLANG_WARN_OBJC_LITERAL_CONVERSION = YES;
				CLANG_WARN_OBJC_ROOT_CLASS = YES_ERROR;
				CLANG_WARN_QUOTED_INCLUDE_IN_FRAMEWORK_HEADER = YES;
				CLANG_WARN_RANGE_LOOP_ANALYSIS = YES;
				CLANG_WARN_STRICT_PROTOTYPES = YES;
				CLANG_WARN_SUSPICIOUS_MOVE = YES;
				CLANG_WARN_UNGUARDED_AVAILABILITY = YES_AGGRESSIVE;
				CLANG_WARN_UNREACHABLE_CODE = YES;
				CLANG_WARN__DUPLICATE_METHOD_MATCH = YES;
				COPY_PHASE_STRIP = NO;
				DEBUG_INFORMATION_FORMAT = "dwarf-with-dsym";
				ENABLE_NS_ASSERTIONS = NO;
				ENABLE_STRICT_OBJC_MSGSEND = YES;
				GCC_C_LANGUAGE_STANDARD = gnu11;
				GCC_NO_COMMON_BLOCKS = YES;
				GCC_WARN_64_TO_32_BIT_CONVERSION = YES;
				GCC_WARN_ABOUT_RETURN_TYPE = YES_ERROR;
				GCC_WARN_UNDECLARED_SELECTOR = YES;
				GCC_WARN_UNINITIALIZED_AUTOS = YES_AGGRESSIVE;
				GCC_WARN_UNUSED_FUNCTION = YES;
				GCC_WARN_UNUSED_VARIABLE = YES;
				IPHONEOS_DEPLOYMENT_TARGET = 15.2;
				MTL_ENABLE_DEBUG_INFO = NO;
				MTL_FAST_MATH = YES;
				SDKROOT = iphoneos;
				SWIFT_COMPILATION_MODE = wholemodule;
				SWIFT_OPTIMIZATION_LEVEL = "-O";
				VALIDATE_PRODUCT = YES;
			};
			name = Release;
		};
		FD016E08278D20E40082495A /* Debug */ = {
			isa = XCBuildConfiguration;
			buildSettings = {
				ASSETCATALOG_COMPILER_APPICON_NAME = AppIcon;
				ASSETCATALOG_COMPILER_GLOBAL_ACCENT_COLOR_NAME = AccentColor;
				CODE_SIGN_STYLE = Automatic;
				CURRENT_PROJECT_VERSION = 1;
				GENERATE_INFOPLIST_FILE = YES;
				INFOPLIST_FILE = Tip_Calculator/Info.plist;
				INFOPLIST_KEY_UIApplicationSupportsIndirectInputEvents = YES;
				INFOPLIST_KEY_UILaunchStoryboardName = LaunchScreen;
				INFOPLIST_KEY_UIMainStoryboardFile = Main;
				INFOPLIST_KEY_UISupportedInterfaceOrientations_iPad = "UIInterfaceOrientationPortrait UIInterfaceOrientationPortraitUpsideDown UIInterfaceOrientationLandscapeLeft UIInterfaceOrientationLandscapeRight";
				INFOPLIST_KEY_UISupportedInterfaceOrientations_iPhone = "UIInterfaceOrientationPortrait UIInterfaceOrientationLandscapeLeft UIInterfaceOrientationLandscapeRight";
				LD_RUNPATH_SEARCH_PATHS = (
					"$(inherited)",
					"@executable_path/Frameworks",
				);
				MARKETING_VERSION = 1.0;
				PRODUCT_BUNDLE_IDENTIFIER = "kerensa.com.Tip-Calculator";
				PRODUCT_NAME = "$(TARGET_NAME)";
				SWIFT_EMIT_LOC_STRINGS = YES;
				SWIFT_VERSION = 5.0;
				TARGETED_DEVICE_FAMILY = "1,2";
			};
			name = Debug;
		};
		FD016E09278D20E40082495A /* Release */ = {
			isa = XCBuildConfiguration;
			buildSettings = {
				ASSETCATALOG_COMPILER_APPICON_NAME = AppIcon;
				ASSETCATALOG_COMPILER_GLOBAL_ACCENT_COLOR_NAME = AccentColor;
				CODE_SIGN_STYLE = Automatic;
				CURRENT_PROJECT_VERSION = 1;
				GENERATE_INFOPLIST_FILE = YES;
				INFOPLIST_FILE = Tip_Calculator/Info.plist;
				INFOPLIST_KEY_UIApplicationSupportsIndirectInputEvents = YES;
				INFOPLIST_KEY_UILaunchStoryboardName = LaunchScreen;
				INFOPLIST_KEY_UIMainStoryboardFile = Main;
				INFOPLIST_KEY_UISupportedInterfaceOrientations_iPad = "UIInterfaceOrientationPortrait UIInterfaceOrientationPortraitUpsideDown UIInterfaceOrientationLandscapeLeft UIInterfaceOrientationLandscapeRight";
				INFOPLIST_KEY_UISupportedInterfaceOrientations_iPhone = "UIInterfaceOrientationPortrait UIInterfaceOrientationLandscapeLeft UIInterfaceOrientationLandscapeRight";
				LD_RUNPATH_SEARCH_PATHS = (
					"$(inherited)",
					"@executable_path/Frameworks",
				);
				MARKETING_VERSION = 1.0;
				PRODUCT_BUNDLE_IDENTIFIER = "kerensa.com.Tip-Calculator";
				PRODUCT_NAME = "$(TARGET_NAME)";
				SWIFT_EMIT_LOC_STRINGS = YES;
				SWIFT_VERSION = 5.0;
				TARGETED_DEVICE_FAMILY = "1,2";
			};
			name = Release;
		};
		FD016E0B278D20E40082495A /* Debug */ = {
			isa = XCBuildConfiguration;
			buildSettings = {
				ALWAYS_EMBED_SWIFT_STANDARD_LIBRARIES = YES;
				BUNDLE_LOADER = "$(TEST_HOST)";
				CODE_SIGN_STYLE = Automatic;
				CURRENT_PROJECT_VERSION = 1;
				GENERATE_INFOPLIST_FILE = YES;
				IPHONEOS_DEPLOYMENT_TARGET = 15.2;
				MARKETING_VERSION = 1.0;
				PRODUCT_BUNDLE_IDENTIFIER = "kerensa.com.Tip-CalculatorTests";
				PRODUCT_NAME = "$(TARGET_NAME)";
				SWIFT_EMIT_LOC_STRINGS = NO;
				SWIFT_VERSION = 5.0;
				TARGETED_DEVICE_FAMILY = "1,2";
				TEST_HOST = "$(BUILT_PRODUCTS_DIR)/Tip_Calculator.app/Tip_Calculator";
			};
			name = Debug;
		};
		FD016E0C278D20E40082495A /* Release */ = {
			isa = XCBuildConfiguration;
			buildSettings = {
				ALWAYS_EMBED_SWIFT_STANDARD_LIBRARIES = YES;
				BUNDLE_LOADER = "$(TEST_HOST)";
				CODE_SIGN_STYLE = Automatic;
				CURRENT_PROJECT_VERSION = 1;
				GENERATE_INFOPLIST_FILE = YES;
				IPHONEOS_DEPLOYMENT_TARGET = 15.2;
				MARKETING_VERSION = 1.0;
				PRODUCT_BUNDLE_IDENTIFIER = "kerensa.com.Tip-CalculatorTests";
				PRODUCT_NAME = "$(TARGET_NAME)";
				SWIFT_EMIT_LOC_STRINGS = NO;
				SWIFT_VERSION = 5.0;
				TARGETED_DEVICE_FAMILY = "1,2";
				TEST_HOST = "$(BUILT_PRODUCTS_DIR)/Tip_Calculator.app/Tip_Calculator";
			};
			name = Release;
		};
		FD016E0E278D20E40082495A /* Debug */ = {
			isa = XCBuildConfiguration;
			buildSettings = {
				ALWAYS_EMBED_SWIFT_STANDARD_LIBRARIES = YES;
				CODE_SIGN_STYLE = Automatic;
				CURRENT_PROJECT_VERSION = 1;
				GENERATE_INFOPLIST_FILE = YES;
				MARKETING_VERSION = 1.0;
				PRODUCT_BUNDLE_IDENTIFIER = "kerensa.com.Tip-CalculatorUITests";
				PRODUCT_NAME = "$(TARGET_NAME)";
				SWIFT_EMIT_LOC_STRINGS = NO;
				SWIFT_VERSION = 5.0;
				TARGETED_DEVICE_FAMILY = "1,2";
				TEST_TARGET_NAME = Tip_Calculator;
			};
			name = Debug;
		};
		FD016E0F278D20E40082495A /* Release */ = {
			isa = XCBuildConfiguration;
			buildSettings = {
				ALWAYS_EMBED_SWIFT_STANDARD_LIBRARIES = YES;
				CODE_SIGN_STYLE = Automatic;
				CURRENT_PROJECT_VERSION = 1;
				GENERATE_INFOPLIST_FILE = YES;
				MARKETING_VERSION = 1.0;
				PRODUCT_BUNDLE_IDENTIFIER = "kerensa.com.Tip-CalculatorUITests";
				PRODUCT_NAME = "$(TARGET_NAME)";
				SWIFT_EMIT_LOC_STRINGS = NO;
				SWIFT_VERSION = 5.0;
				TARGETED_DEVICE_FAMILY = "1,2";
				TEST_TARGET_NAME = Tip_Calculator;
			};
			name = Release;
		};
/* End XCBuildConfiguration section */

/* Begin XCConfigurationList section */
		FD016DD8278D20E20082495A /* Build configuration list for PBXProject "Tip_Calculator" */ = {
			isa = XCConfigurationList;
			buildConfigurations = (
				FD016E05278D20E40082495A /* Debug */,
				FD016E06278D20E40082495A /* Release */,
			);
			defaultConfigurationIsVisible = 0;
			defaultConfigurationName = Release;
		};
		FD016E07278D20E40082495A /* Build configuration list for PBXNativeTarget "Tip_Calculator" */ = {
			isa = XCConfigurationList;
			buildConfigurations = (
				FD016E08278D20E40082495A /* Debug */,
				FD016E09278D20E40082495A /* Release */,
			);
			defaultConfigurationIsVisible = 0;
			defaultConfigurationName = Release;
		};
		FD016E0A278D20E40082495A /* Build configuration list for PBXNativeTarget "Tip_CalculatorTests" */ = {
			isa = XCConfigurationList;
			buildConfigurations = (
				FD016E0B278D20E40082495A /* Debug */,
				FD016E0C278D20E40082495A /* Release */,
			);
			defaultConfigurationIsVisible = 0;
			defaultConfigurationName = Release;
		};
		FD016E0D278D20E40082495A /* Build configuration list for PBXNativeTarget "Tip_CalculatorUITests" */ = {
			isa = XCConfigurationList;
			buildConfigurations = (
				FD016E0E278D20E40082495A /* Debug */,
				FD016E0F278D20E40082495A /* Release */,
			);
			defaultConfigurationIsVisible = 0;
			defaultConfigurationName = Release;
		};
/* End XCConfigurationList section */
	};
	rootObject = FD016DD5278D20E20082495A /* Project object */;
}
